
Microsoft Visual Studio Solution File, Format Version 11.00
# Visual Studio 2010
Project("{FAE04EC0-301F-11D3-BF4B-00C04F79EFBC}") = "Assembly-CSharp-firstpass", "Assembly-CSharp-firstpass.csproj", "{B2A1CBC7-764D-85A3-B1DF-52FDBBDA2755}"
EndProject
Project("{FAE04EC0-301F-11D3-BF4B-00C04F79EFBC}") = "Assembly-CSharp", "Assembly-CSharp.csproj", "{B25715C3-DCEB-C529-5A60-680F54F60675}"
EndProject
Project("{FAE04EC0-301F-11D3-BF4B-00C04F79EFBC}") = "Assembly-CSharp-Editor-firstpass", "Assembly-CSharp-Editor-firstpass.csproj", "{61AFA0A8-A20D-40CF-56BC-CA8098DAC343}"
EndProject
Global
	GlobalSection(SolutionConfigurationPlatforms) = preSolution
		Debug|Any CPU = Debug|Any CPU
		Release|Any CPU = Release|Any CPU
	EndGlobalSection
	GlobalSection(ProjectConfigurationPlatforms) = postSolution
		{B2A1CBC7-764D-85A3-B1DF-52FDBBDA2755}.Debug|Any CPU.ActiveCfg = Debug|Any CPU
		{B2A1CBC7-764D-85A3-B1DF-52FDBBDA2755}.Debug|Any CPU.Build.0 = Debug|Any CPU
		{B2A1CBC7-764D-85A3-B1DF-52FDBBDA2755}.Release|Any CPU.ActiveCfg = Release|Any CPU
		{B2A1CBC7-764D-85A3-B1DF-52FDBBDA2755}.Release|Any CPU.Build.0 = Release|Any CPU
		{B25715C3-DCEB-C529-5A60-680F54F60675}.Debug|Any CPU.ActiveCfg = Debug|Any CPU
		{B25715C3-DCEB-C529-5A60-680F54F60675}.Debug|Any CPU.Build.0 = Debug|Any CPU
		{B25715C3-DCEB-C529-5A60-680F54F60675}.Release|Any CPU.ActiveCfg = Release|Any CPU
		{B25715C3-DCEB-C529-5A60-680F54F60675}.Release|Any CPU.Build.0 = Release|Any CPU
		{61AFA0A8-A20D-40CF-56BC-CA8098DAC343}.Debug|Any CPU.ActiveCfg = Debug|Any CPU
		{61AFA0A8-A20D-40CF-56BC-CA8098DAC343}.Debug|Any CPU.Build.0 = Debug|Any CPU
		{61AFA0A8-A20D-40CF-56BC-CA8098DAC343}.Release|Any CPU.ActiveCfg = Release|Any CPU
		{61AFA0A8-A20D-40CF-56BC-CA8098DAC343}.Release|Any CPU.Build.0 = Release|Any CPU
	EndGlobalSection
	GlobalSection(SolutionProperties) = preSolution
		HideSolutionNode = FALSE
	EndGlobalSection
EndGlobal
